
Microsoft Visual Studio Solution File, Format Version 12.00
# Visual Studio Version 16
VisualStudioVersion = 16.0.30011.22
MinimumVisualStudioVersion = 10.0.40219.1
Project("{FAE04EC0-301F-11D3-BF4B-00C04F79EFBC}") = "Entidades", "Entidades\Entidades.csproj", "{F3ED82F4-CE9C-4746-A30B-B312EA1100B0}"
EndProject
Project("{FAE04EC0-301F-11D3-BF4B-00C04F79EFBC}") = "MiCalculadora", "MiCalculadora\MiCalculadora.csproj", "{3AFE3D3D-B254-4492-B7A7-36C35E73D178}"
EndProject
Global
	GlobalSection(SolutionConfigurationPlatforms) = preSolution
		Debug|Any CPU = Debug|Any CPU
		Release|Any CPU = Release|Any CPU
	EndGlobalSection
	GlobalSection(ProjectConfigurationPlatforms) = postSolution
		{F3ED82F4-CE9C-4746-A30B-B312EA1100B0}.Debug|Any CPU.ActiveCfg = Debug|Any CPU
		{F3ED82F4-CE9C-4746-A30B-B312EA1100B0}.Debug|Any CPU.Build.0 = Debug|Any CPU
		{F3ED82F4-CE9C-4746-A30B-B312EA1100B0}.Release|Any CPU.ActiveCfg = Release|Any CPU
		{F3ED82F4-CE9C-4746-A30B-B312EA1100B0}.Release|Any CPU.Build.0 = Release|Any CPU
		{3AFE3D3D-B254-4492-B7A7-36C35E73D178}.Debug|Any CPU.ActiveCfg = Debug|Any CPU
		{3AFE3D3D-B254-4492-B7A7-36C35E73D178}.Debug|Any CPU.Build.0 = Debug|Any CPU
		{3AFE3D3D-B254-4492-B7A7-36C35E73D178}.Release|Any CPU.ActiveCfg = Release|Any CPU
		{3AFE3D3D-B254-4492-B7A7-36C35E73D178}.Release|Any CPU.Build.0 = Release|Any CPU
	EndGlobalSection
	GlobalSection(SolutionProperties) = preSolution
		HideSolutionNode = FALSE
	EndGlobalSection
	GlobalSection(ExtensibilityGlobals) = postSolution
		SolutionGuid = {E17ECADA-7769-4FD6-9236-8412EBD048AF}
	EndGlobalSection
EndGlobal
