
Microsoft Visual Studio Solution File, Format Version 12.00
# Visual Studio Version 16
VisualStudioVersion = 16.0.30011.22
MinimumVisualStudioVersion = 10.0.40219.1
Project("{FAE04EC0-301F-11D3-BF4B-00C04F79EFBC}") = "MainCorreo", "MainCorreo\MainCorreo.csproj", "{688715A8-5028-4AC0-B70D-6734044433F0}"
EndProject
Project("{FAE04EC0-301F-11D3-BF4B-00C04F79EFBC}") = "Entidades", "Entidades\Entidades.csproj", "{D81A022C-A821-4B53-B298-4E8BF144619A}"
EndProject
Project("{FAE04EC0-301F-11D3-BF4B-00C04F79EFBC}") = "Test", "Test\Test.csproj", "{7F0E1C7A-5182-4A08-A21D-3E689555EC5D}"
EndProject
Global
	GlobalSection(SolutionConfigurationPlatforms) = preSolution
		Debug|Any CPU = Debug|Any CPU
		Release|Any CPU = Release|Any CPU
	EndGlobalSection
	GlobalSection(ProjectConfigurationPlatforms) = postSolution
		{688715A8-5028-4AC0-B70D-6734044433F0}.Debug|Any CPU.ActiveCfg = Debug|Any CPU
		{688715A8-5028-4AC0-B70D-6734044433F0}.Debug|Any CPU.Build.0 = Debug|Any CPU
		{688715A8-5028-4AC0-B70D-6734044433F0}.Release|Any CPU.ActiveCfg = Release|Any CPU
		{688715A8-5028-4AC0-B70D-6734044433F0}.Release|Any CPU.Build.0 = Release|Any CPU
		{D81A022C-A821-4B53-B298-4E8BF144619A}.Debug|Any CPU.ActiveCfg = Debug|Any CPU
		{D81A022C-A821-4B53-B298-4E8BF144619A}.Debug|Any CPU.Build.0 = Debug|Any CPU
		{D81A022C-A821-4B53-B298-4E8BF144619A}.Release|Any CPU.ActiveCfg = Release|Any CPU
		{D81A022C-A821-4B53-B298-4E8BF144619A}.Release|Any CPU.Build.0 = Release|Any CPU
		{7F0E1C7A-5182-4A08-A21D-3E689555EC5D}.Debug|Any CPU.ActiveCfg = Debug|Any CPU
		{7F0E1C7A-5182-4A08-A21D-3E689555EC5D}.Debug|Any CPU.Build.0 = Debug|Any CPU
		{7F0E1C7A-5182-4A08-A21D-3E689555EC5D}.Release|Any CPU.ActiveCfg = Release|Any CPU
		{7F0E1C7A-5182-4A08-A21D-3E689555EC5D}.Release|Any CPU.Build.0 = Release|Any CPU
	EndGlobalSection
	GlobalSection(SolutionProperties) = preSolution
		HideSolutionNode = FALSE
	EndGlobalSection
	GlobalSection(ExtensibilityGlobals) = postSolution
		SolutionGuid = {42BBF56B-3BC3-498C-80BE-1BBB207D0115}
	EndGlobalSection
EndGlobal
